
Microsoft Visual Studio Solution File, Format Version 12.00
# Visual Studio 14
VisualStudioVersion = 14.0.25420.1
MinimumVisualStudioVersion = 10.0.40219.1
Project("{FAE04EC0-301F-11D3-BF4B-00C04F79EFBC}") = "WindowsProject", "WindowsProject\WindowsProject.csproj", "{F971392D-4577-455F-9260-EFEAE219D79C}"
EndProject
Project("{FAE04EC0-301F-11D3-BF4B-00C04F79EFBC}") = "WindowsProject.Model", "WindowsProject.Model\WindowsProject.Model.csproj", "{1B3ABCEE-4DD3-40BC-A838-1157011E0EF0}"
EndProject
Project("{FAE04EC0-301F-11D3-BF4B-00C04F79EFBC}") = "TestApplication", "TestApplication\TestApplication.csproj", "{5F054F65-94C7-4BA4-BD85-3DD1EC2D065E}"
EndProject
Global
	GlobalSection(SolutionConfigurationPlatforms) = preSolution
		Debug|Any CPU = Debug|Any CPU
		Release|Any CPU = Release|Any CPU
	EndGlobalSection
	GlobalSection(ProjectConfigurationPlatforms) = postSolution
		{F971392D-4577-455F-9260-EFEAE219D79C}.Debug|Any CPU.ActiveCfg = Debug|Any CPU
		{F971392D-4577-455F-9260-EFEAE219D79C}.Debug|Any CPU.Build.0 = Debug|Any CPU
		{F971392D-4577-455F-9260-EFEAE219D79C}.Release|Any CPU.ActiveCfg = Release|Any CPU
		{F971392D-4577-455F-9260-EFEAE219D79C}.Release|Any CPU.Build.0 = Release|Any CPU
		{1B3ABCEE-4DD3-40BC-A838-1157011E0EF0}.Debug|Any CPU.ActiveCfg = Debug|Any CPU
		{1B3ABCEE-4DD3-40BC-A838-1157011E0EF0}.Debug|Any CPU.Build.0 = Debug|Any CPU
		{1B3ABCEE-4DD3-40BC-A838-1157011E0EF0}.Release|Any CPU.ActiveCfg = Release|Any CPU
		{1B3ABCEE-4DD3-40BC-A838-1157011E0EF0}.Release|Any CPU.Build.0 = Release|Any CPU
		{5F054F65-94C7-4BA4-BD85-3DD1EC2D065E}.Debug|Any CPU.ActiveCfg = Debug|Any CPU
		{5F054F65-94C7-4BA4-BD85-3DD1EC2D065E}.Debug|Any CPU.Build.0 = Debug|Any CPU
		{5F054F65-94C7-4BA4-BD85-3DD1EC2D065E}.Release|Any CPU.ActiveCfg = Release|Any CPU
		{5F054F65-94C7-4BA4-BD85-3DD1EC2D065E}.Release|Any CPU.Build.0 = Release|Any CPU
	EndGlobalSection
	GlobalSection(SolutionProperties) = preSolution
		HideSolutionNode = FALSE
	EndGlobalSection
EndGlobal
